
Microsoft Visual Studio Solution File, Format Version 12.00
# Visual Studio Version 17
VisualStudioVersion = 17.10.35027.167
MinimumVisualStudioVersion = 10.0.40219.1
Project("{FAE04EC0-301F-11D3-BF4B-00C04F79EFBC}") = "AuthECAPI", "AuthECAPI\AuthECAPI.csproj", "{870654DC-E6F7-43DA-82B4-2D9FF9CFDCDA}"
EndProject
Global
	GlobalSection(SolutionConfigurationPlatforms) = preSolution
		Debug|Any CPU = Debug|Any CPU
		Release|Any CPU = Release|Any CPU
	EndGlobalSection
	GlobalSection(ProjectConfigurationPlatforms) = postSolution
		{870654DC-E6F7-43DA-82B4-2D9FF9CFDCDA}.Debug|Any CPU.ActiveCfg = Debug|Any CPU
		{870654DC-E6F7-43DA-82B4-2D9FF9CFDCDA}.Debug|Any CPU.Build.0 = Debug|Any CPU
		{870654DC-E6F7-43DA-82B4-2D9FF9CFDCDA}.Release|Any CPU.ActiveCfg = Release|Any CPU
		{870654DC-E6F7-43DA-82B4-2D9FF9CFDCDA}.Release|Any CPU.Build.0 = Release|Any CPU
	EndGlobalSection
	GlobalSection(SolutionProperties) = preSolution
		HideSolutionNode = FALSE
	EndGlobalSection
	GlobalSection(ExtensibilityGlobals) = postSolution
		SolutionGuid = {567BF3AE-DA8A-4E1D-B312-2327A593D6E8}
	EndGlobalSection
EndGlobal
